
Microsoft Visual Studio Solution File, Format Version 12.00
Project("{FAE04EC0-301F-11D3-BF4B-00C04F79EFBC}") = "AdvancedClock", "AdvancedClock.csproj", "{ABDF52C8-4D0D-4B0E-873E-933FE1FD9C4E}"
EndProject
Global
	GlobalSection(SolutionConfigurationPlatforms) = preSolution
		Debug|Any CPU = Debug|Any CPU
		Release|Any CPU = Release|Any CPU
	EndGlobalSection
	GlobalSection(ProjectConfigurationPlatforms) = postSolution
		{ABDF52C8-4D0D-4B0E-873E-933FE1FD9C4E}.Debug|Any CPU.ActiveCfg = Debug|Any CPU
		{ABDF52C8-4D0D-4B0E-873E-933FE1FD9C4E}.Debug|Any CPU.Build.0 = Debug|Any CPU
		{ABDF52C8-4D0D-4B0E-873E-933FE1FD9C4E}.Release|Any CPU.ActiveCfg = Release|Any CPU
		{ABDF52C8-4D0D-4B0E-873E-933FE1FD9C4E}.Release|Any CPU.Build.0 = Release|Any CPU
	EndGlobalSection
EndGlobal
